
Microsoft Visual Studio Solution File, Format Version 12.00
# Visual Studio Version 17
VisualStudioVersion = 17.1.32328.378
MinimumVisualStudioVersion = 10.0.40219.1
Project("{9A19103F-16F7-4668-BE54-9A1E7A4F7556}") = "SportsStore", "SportsStore\SportsStore.csproj", "{84E3EBED-5EC2-4B96-AC10-E0B5B03CB03B}"
EndProject
Project("{9A19103F-16F7-4668-BE54-9A1E7A4F7556}") = "SportsStore.Tests", "SportsStore.Tests\SportsStore.Tests.csproj", "{AA871254-569C-4F07-89B8-3BF2724028A9}"
EndProject
Global
	GlobalSection(SolutionConfigurationPlatforms) = preSolution
		Debug|Any CPU = Debug|Any CPU
		Release|Any CPU = Release|Any CPU
	EndGlobalSection
	GlobalSection(ProjectConfigurationPlatforms) = postSolution
		{84E3EBED-5EC2-4B96-AC10-E0B5B03CB03B}.Debug|Any CPU.ActiveCfg = Debug|Any CPU
		{84E3EBED-5EC2-4B96-AC10-E0B5B03CB03B}.Debug|Any CPU.Build.0 = Debug|Any CPU
		{84E3EBED-5EC2-4B96-AC10-E0B5B03CB03B}.Release|Any CPU.ActiveCfg = Release|Any CPU
		{84E3EBED-5EC2-4B96-AC10-E0B5B03CB03B}.Release|Any CPU.Build.0 = Release|Any CPU
		{AA871254-569C-4F07-89B8-3BF2724028A9}.Debug|Any CPU.ActiveCfg = Debug|Any CPU
		{AA871254-569C-4F07-89B8-3BF2724028A9}.Debug|Any CPU.Build.0 = Debug|Any CPU
		{AA871254-569C-4F07-89B8-3BF2724028A9}.Release|Any CPU.ActiveCfg = Release|Any CPU
		{AA871254-569C-4F07-89B8-3BF2724028A9}.Release|Any CPU.Build.0 = Release|Any CPU
	EndGlobalSection
	GlobalSection(SolutionProperties) = preSolution
		HideSolutionNode = FALSE
	EndGlobalSection
	GlobalSection(ExtensibilityGlobals) = postSolution
		SolutionGuid = {BA4A8613-3B27-4C71-BDD4-D03208AF27B6}
	EndGlobalSection
EndGlobal
